
Microsoft Visual Studio Solution File, Format Version 12.00
# Visual Studio Version 16
VisualStudioVersion = 16.0.29215.179
MinimumVisualStudioVersion = 10.0.40219.1
Project("{FAE04EC0-301F-11D3-BF4B-00C04F79EFBC}") = "EjemploArquitectura.UI", "EjemploArquitectura.UI\EjemploArquitectura.UI.csproj", "{BBF43C74-4296-4568-8AC6-2903258BF303}"
EndProject
Project("{FAE04EC0-301F-11D3-BF4B-00C04F79EFBC}") = "EjemploArquitectura.ApplicationService", "EjemploArquitectura.ApplicationService\EjemploArquitectura.ApplicationService.csproj", "{9B2E5728-52B8-49E6-A0D9-EB101A7FB54D}"
EndProject
Project("{FAE04EC0-301F-11D3-BF4B-00C04F79EFBC}") = "EjemploArquitectura.Repository", "EjemploArquitectura.Repository\EjemploArquitectura.Repository.csproj", "{EF085F4D-B470-4679-9C76-A9B0A2158838}"
EndProject
Project("{FAE04EC0-301F-11D3-BF4B-00C04F79EFBC}") = "EjemploArquitectura.Domain", "EjemploArquitectura.Domain\EjemploArquitectura.Domain.csproj", "{863D9AA3-1DF1-44A6-8A5E-3F72FC20F732}"
EndProject
Project("{FAE04EC0-301F-11D3-BF4B-00C04F79EFBC}") = "EjemploArquitectura.Services", "EjemploArquitectura.Services\EjemploArquitectura.Services.csproj", "{BBED6819-7D1C-444E-A554-29095CE5F05B}"
EndProject
Project("{FAE04EC0-301F-11D3-BF4B-00C04F79EFBC}") = "EjemploArquitectura.Abstractions", "EjemploArquitectura.Abstractions\EjemploArquitectura.Abstractions.csproj", "{92DC3B73-0AED-4C62-AA7D-B534775E25EF}"
EndProject
Project("{FAE04EC0-301F-11D3-BF4B-00C04F79EFBC}") = "EjemploArquitectura.SqlServerDataProvider", "EjemploArquitectura.SqlServerDataProvider\EjemploArquitectura.SqlServerDataProvider.csproj", "{8EC31DB3-AAC2-408F-A448-29B9D75A1A8E}"
EndProject
Global
	GlobalSection(SolutionConfigurationPlatforms) = preSolution
		Debug|Any CPU = Debug|Any CPU
		Release|Any CPU = Release|Any CPU
	EndGlobalSection
	GlobalSection(ProjectConfigurationPlatforms) = postSolution
		{BBF43C74-4296-4568-8AC6-2903258BF303}.Debug|Any CPU.ActiveCfg = Debug|Any CPU
		{BBF43C74-4296-4568-8AC6-2903258BF303}.Debug|Any CPU.Build.0 = Debug|Any CPU
		{BBF43C74-4296-4568-8AC6-2903258BF303}.Release|Any CPU.ActiveCfg = Release|Any CPU
		{BBF43C74-4296-4568-8AC6-2903258BF303}.Release|Any CPU.Build.0 = Release|Any CPU
		{9B2E5728-52B8-49E6-A0D9-EB101A7FB54D}.Debug|Any CPU.ActiveCfg = Debug|Any CPU
		{9B2E5728-52B8-49E6-A0D9-EB101A7FB54D}.Debug|Any CPU.Build.0 = Debug|Any CPU
		{9B2E5728-52B8-49E6-A0D9-EB101A7FB54D}.Release|Any CPU.ActiveCfg = Release|Any CPU
		{9B2E5728-52B8-49E6-A0D9-EB101A7FB54D}.Release|Any CPU.Build.0 = Release|Any CPU
		{EF085F4D-B470-4679-9C76-A9B0A2158838}.Debug|Any CPU.ActiveCfg = Debug|Any CPU
		{EF085F4D-B470-4679-9C76-A9B0A2158838}.Debug|Any CPU.Build.0 = Debug|Any CPU
		{EF085F4D-B470-4679-9C76-A9B0A2158838}.Release|Any CPU.ActiveCfg = Release|Any CPU
		{EF085F4D-B470-4679-9C76-A9B0A2158838}.Release|Any CPU.Build.0 = Release|Any CPU
		{863D9AA3-1DF1-44A6-8A5E-3F72FC20F732}.Debug|Any CPU.ActiveCfg = Debug|Any CPU
		{863D9AA3-1DF1-44A6-8A5E-3F72FC20F732}.Debug|Any CPU.Build.0 = Debug|Any CPU
		{863D9AA3-1DF1-44A6-8A5E-3F72FC20F732}.Release|Any CPU.ActiveCfg = Release|Any CPU
		{863D9AA3-1DF1-44A6-8A5E-3F72FC20F732}.Release|Any CPU.Build.0 = Release|Any CPU
		{BBED6819-7D1C-444E-A554-29095CE5F05B}.Debug|Any CPU.ActiveCfg = Debug|Any CPU
		{BBED6819-7D1C-444E-A554-29095CE5F05B}.Debug|Any CPU.Build.0 = Debug|Any CPU
		{BBED6819-7D1C-444E-A554-29095CE5F05B}.Release|Any CPU.ActiveCfg = Release|Any CPU
		{BBED6819-7D1C-444E-A554-29095CE5F05B}.Release|Any CPU.Build.0 = Release|Any CPU
		{92DC3B73-0AED-4C62-AA7D-B534775E25EF}.Debug|Any CPU.ActiveCfg = Debug|Any CPU
		{92DC3B73-0AED-4C62-AA7D-B534775E25EF}.Debug|Any CPU.Build.0 = Debug|Any CPU
		{92DC3B73-0AED-4C62-AA7D-B534775E25EF}.Release|Any CPU.ActiveCfg = Release|Any CPU
		{92DC3B73-0AED-4C62-AA7D-B534775E25EF}.Release|Any CPU.Build.0 = Release|Any CPU
		{8EC31DB3-AAC2-408F-A448-29B9D75A1A8E}.Debug|Any CPU.ActiveCfg = Debug|Any CPU
		{8EC31DB3-AAC2-408F-A448-29B9D75A1A8E}.Debug|Any CPU.Build.0 = Debug|Any CPU
		{8EC31DB3-AAC2-408F-A448-29B9D75A1A8E}.Release|Any CPU.ActiveCfg = Release|Any CPU
		{8EC31DB3-AAC2-408F-A448-29B9D75A1A8E}.Release|Any CPU.Build.0 = Release|Any CPU
	EndGlobalSection
	GlobalSection(SolutionProperties) = preSolution
		HideSolutionNode = FALSE
	EndGlobalSection
	GlobalSection(ExtensibilityGlobals) = postSolution
		SolutionGuid = {E1101480-46FD-48EC-9A10-624C14D60B49}
	EndGlobalSection
EndGlobal
